Microsoft Visual Studio Solution File, Format Version 12.00
# Visual Studio Version 17
VisualStudioVersion = 17.10.34902.84
MinimumVisualStudioVersion = 10.0.40219.1
Project("{FAE04EC0-301F-11D3-BF4B-00C04F79EFBC}") = "Isotonic.CLI", "Isotonic.CLI\Isotonic.CLI.csproj", "{C0A3E2F8-20E0-4606-9A30-4B8B2D2EB04F}"
EndProject
Global
	GlobalSection(ExtensibilityGlobals) = postSolution
		SolutionGuid = {B333B5E3-0847-4E15-909E-CDF41AC554CC}
	EndGlobalSection
	GlobalSection(ProjectConfigurationPlatforms) = postSolution
		{C0A3E2F8-20E0-4606-9A30-4B8B2D2EB04F}.Debug|Any CPU.ActiveCfg = Debug|Any CPU
		{C0A3E2F8-20E0-4606-9A30-4B8B2D2EB04F}.Debug|Any CPU.Build.0 = Debug|Any CPU
		{C0A3E2F8-20E0-4606-9A30-4B8B2D2EB04F}.Release|Any CPU.ActiveCfg = Release|Any CPU
		{C0A3E2F8-20E0-4606-9A30-4B8B2D2EB04F}.Release|Any CPU.Build.0 = Release|Any CPU
	EndGlobalSection
	GlobalSection(SolutionConfigurationPlatforms) = preSolution
		Debug|Any CPU = Debug|Any CPU
		Release|Any CPU = Release|Any CPU
	EndGlobalSection
	GlobalSection(SolutionProperties) = preSolution
		HideSolutionNode = FALSE
	EndGlobalSection
EndGlobal
